
Microsoft Visual Studio Solution File, Format Version 12.00
# Visual Studio Version 17
VisualStudioVersion = 17.3.32929.385
MinimumVisualStudioVersion = 10.0.40219.1
Project("{FAE04EC0-301F-11D3-BF4B-00C04F79EFBC}") = "WebPasajero", "WebPasajero\WebPasajero.csproj", "{A95319D2-DD31-41E3-8818-D7D78EA14894}"
EndProject
Global
	GlobalSection(SolutionConfigurationPlatforms) = preSolution
		Debug|Any CPU = Debug|Any CPU
		Release|Any CPU = Release|Any CPU
	EndGlobalSection
	GlobalSection(ProjectConfigurationPlatforms) = postSolution
		{A95319D2-DD31-41E3-8818-D7D78EA14894}.Debug|Any CPU.ActiveCfg = Debug|Any CPU
		{A95319D2-DD31-41E3-8818-D7D78EA14894}.Debug|Any CPU.Build.0 = Debug|Any CPU
		{A95319D2-DD31-41E3-8818-D7D78EA14894}.Release|Any CPU.ActiveCfg = Release|Any CPU
		{A95319D2-DD31-41E3-8818-D7D78EA14894}.Release|Any CPU.Build.0 = Release|Any CPU
	EndGlobalSection
	GlobalSection(SolutionProperties) = preSolution
		HideSolutionNode = FALSE
	EndGlobalSection
	GlobalSection(ExtensibilityGlobals) = postSolution
		SolutionGuid = {674A71B1-46CE-4539-9CB6-305034C92B6A}
	EndGlobalSection
EndGlobal
